// !$*UTF8*$!
{
	archiveVersion = 1;
	classes = {
	};
	objectVersion = 77;
	objects = {

/* Begin PBXBuildFile section */
		042A397E2F4C4FA3001DC0CA /* ConstruktKit in Frameworks */ = {isa = PBXBuildFile; productRef = 042A397D2F4C4FA3001DC0CA /* ConstruktKit */; };
		04CA18FD2F5F3A87004E7482 /* ConstruktKit in Frameworks */ = {isa = PBXBuildFile; productRef = 04CA18FC2F5F3A87004E7482 /* ConstruktKit */; };
		04F53D642F5F3CF500B6B205 /* ConstruktKit in Frameworks */ = {isa = PBXBuildFile; productRef = 04F53D632F5F3CF500B6B205 /* ConstruktKit */; };
		9511898C2F57B46500AB3D49 /* ConstruktKit in Frameworks */ = {isa = PBXBuildFile; productRef = 9511898B2F57B46500AB3D49 /* ConstruktKit */; };
		95118AD62F57C18200AB3D49 /* ConstruktKit in Frameworks */ = {isa = PBXBuildFile; productRef = 95118AD52F57C18200AB3D49 /* ConstruktKit */; };
		951F15152F6912D300D7B430 /* ConstruktKit in Frameworks */ = {isa = PBXBuildFile; productRef = 951F15142F6912D300D7B430 /* ConstruktKit */; };
		951F17C72F69238500D7B430 /* ConstruktKit in Frameworks */ = {isa = PBXBuildFile; productRef = 951F17C62F69238500D7B430 /* ConstruktKit */; };
		9576D4922F561536006F7C7F /* ConstruktKit in Frameworks */ = {isa = PBXBuildFile; productRef = 9576D4912F561536006F7C7F /* ConstruktKit */; };
		9576D4982F561D00006F7C7F /* ConstruktKit in Frameworks */ = {isa = PBXBuildFile; productRef = 9576D4972F561D00006F7C7F /* ConstruktKit */; };
		9576D5412F56713B006F7C7F /* ConstruktKit in Frameworks */ = {isa = PBXBuildFile; productRef = 9576D5402F56713B006F7C7F /* ConstruktKit */; };
		95D8330B2F56F339000154B8 /* ConstruktKit in Frameworks */ = {isa = PBXBuildFile; productRef = 95D8330A2F56F339000154B8 /* ConstruktKit */; };
		95D833B32F571556000154B8 /* ConstruktKit in Frameworks */ = {isa = PBXBuildFile; productRef = 95D833B22F571556000154B8 /* ConstruktKit */; };
/* End PBXBuildFile section */

/* Begin PBXFileReference section */
		95DB7F4C2EB70976003FE2F7 /* Construkt.app */ = {isa = PBXFileReference; explicitFileType = wrapper.application; includeInIndex = 0; path = Construkt.app; sourceTree = BUILT_PRODUCTS_DIR; };
/* End PBXFileReference section */

/* Begin PBXFileSystemSynchronizedBuildFileExceptionSet section */
		040DB5D92F2C9EA800CE57FA /* Exceptions for "Construkt" folder in "Construkt" target */ = {
			isa = PBXFileSystemSynchronizedBuildFileExceptionSet;
			membershipExceptions = (
				Info.plist,
			);
			target = 95DB7F4B2EB70976003FE2F7 /* Construkt */;
		};
/* End PBXFileSystemSynchronizedBuildFileExceptionSet section */

/* Begin PBXFileSystemSynchronizedRootGroup section */
		95DB7F4E2EB70976003FE2F7 /* Construkt */ = {
			isa = PBXFileSystemSynchronizedRootGroup;
			exceptions = (
				040DB5D92F2C9EA800CE57FA /* Exceptions for "Construkt" folder in "Construkt" target */,
			);
			path = Construkt;
			sourceTree = "<group>";
		};
/* End PBXFileSystemSynchronizedRootGroup section */

/* Begin PBXFrameworksBuildPhase section */
		95DB7F492EB70976003FE2F7 /* Frameworks */ = {
			isa = PBXFrameworksBuildPhase;
			buildActionMask = 2147483647;
			files = (
				04F53D642F5F3CF500B6B205 /* ConstruktKit in Frameworks */,
				951F17C72F69238500D7B430 /* ConstruktKit in Frameworks */,
				04CA18FD2F5F3A87004E7482 /* ConstruktKit in Frameworks */,
				95118AD62F57C18200AB3D49 /* ConstruktKit in Frameworks */,
				9511898C2F57B46500AB3D49 /* ConstruktKit in Frameworks */,
				9576D5412F56713B006F7C7F /* ConstruktKit in Frameworks */,
				9576D4982F561D00006F7C7F /* ConstruktKit in Frameworks */,
				951F15152F6912D300D7B430 /* ConstruktKit in Frameworks */,
				95D8330B2F56F339000154B8 /* ConstruktKit in Frameworks */,
				95D833B32F571556000154B8 /* ConstruktKit in Frameworks */,
				9576D4922F561536006F7C7F /* ConstruktKit in Frameworks */,
				042A397E2F4C4FA3001DC0CA /* ConstruktKit in Frameworks */,
			);
			runOnlyForDeploymentPostprocessing = 0;
		};
/* End PBXFrameworksBuildPhase section */

/* Begin PBXGroup section */
		95DB7F432EB70976003FE2F7 = {
			isa = PBXGroup;
			children = (
				95DB7F4E2EB70976003FE2F7 /* Construkt */,
				95DB7F4D2EB70976003FE2F7 /* Products */,
			);
			sourceTree = "<group>";
		};
		95DB7F4D2EB70976003FE2F7 /* Products */ = {
			isa = PBXGroup;
			children = (
				95DB7F4C2EB70976003FE2F7 /* Construkt.app */,
			);
			name = Products;
			sourceTree = "<group>";
		};
/* End PBXGroup section */

/* Begin PBXNativeTarget section */
		95DB7F4B2EB70976003FE2F7 /* Construkt */ = {
			isa = PBXNativeTarget;
			buildConfigurationList = 95DB7F752EB70977003FE2F7 /* Build configuration list for PBXNativeTarget "Construkt" */;
			buildPhases = (
				95DB7F482EB70976003FE2F7 /* Sources */,
				95DB7F492EB70976003FE2F7 /* Frameworks */,
				95DB7F4A2EB70976003FE2F7 /* Resources */,
			);
			buildRules = (
			);
			dependencies = (
			);
			fileSystemSynchronizedGroups = (
				95DB7F4E2EB70976003FE2F7 /* Construkt */,
			);
			name = Construkt;
			packageProductDependencies = (
				042A397D2F4C4FA3001DC0CA /* ConstruktKit */,
				9576D4912F561536006F7C7F /* ConstruktKit */,
				9576D4972F561D00006F7C7F /* ConstruktKit */,
				9576D5402F56713B006F7C7F /* ConstruktKit */,
				95D8330A2F56F339000154B8 /* ConstruktKit */,
				95D833B22F571556000154B8 /* ConstruktKit */,
				9511898B2F57B46500AB3D49 /* ConstruktKit */,
				95118AD52F57C18200AB3D49 /* ConstruktKit */,
				04CA18FC2F5F3A87004E7482 /* ConstruktKit */,
				04F53D632F5F3CF500B6B205 /* ConstruktKit */,
				951F15142F6912D300D7B430 /* ConstruktKit */,
				951F17C62F69238500D7B430 /* ConstruktKit */,
			);
			productName = Construkt;
			productReference = 95DB7F4C2EB70976003FE2F7 /* Construkt.app */;
			productType = "com.apple.product-type.application";
		};
/* End PBXNativeTarget section */

/* Begin PBXProject section */
		95DB7F442EB70976003FE2F7 /* Project object */ = {
			isa = PBXProject;
			attributes = {
				BuildIndependentTargetsInParallel = 1;
				LastSwiftUpdateCheck = 2630;
				LastUpgradeCheck = 1640;
				TargetAttributes = {
					95DB7F4B2EB70976003FE2F7 = {
						CreatedOnToolsVersion = 16.4;
					};
				};
			};
			buildConfigurationList = 95DB7F472EB70976003FE2F7 /* Build configuration list for PBXProject "Construkt" */;
			developmentRegion = en;
			hasScannedForEncodings = 0;
			knownRegions = (
				en,
				Base,
			);
			mainGroup = 95DB7F432EB70976003FE2F7;
			minimizedProjectReferenceProxies = 1;
			packageReferences = (
				951F17C52F69238500D7B430 /* XCLocalSwiftPackageReference "../../Construkt" */,
			);
			preferredProjectObjectVersion = 77;
			productRefGroup = 95DB7F4D2EB70976003FE2F7 /* Products */;
			projectDirPath = "";
			projectRoot = "";
			targets = (
				95DB7F4B2EB70976003FE2F7 /* Construkt */,
			);
		};
/* End PBXProject section */

/* Begin PBXResourcesBuildPhase section */
		95DB7F4A2EB70976003FE2F7 /* Resources */ = {
			isa = PBXResourcesBuildPhase;
			buildActionMask = 2147483647;
			files = (
			);
			runOnlyForDeploymentPostprocessing = 0;
		};
/* End PBXResourcesBuildPhase section */

/* Begin PBXSourcesBuildPhase section */
		95DB7F482EB70976003FE2F7 /* Sources */ = {
			isa = PBXSourcesBuildPhase;
			buildActionMask = 2147483647;
			files = (
			);
			runOnlyForDeploymentPostprocessing = 0;
		};
/* End PBXSourcesBuildPhase section */

/* Begin XCBuildConfiguration section */
		95DB7F762EB70977003FE2F7 /* Debug */ = {
			isa = XCBuildConfiguration;
			buildSettings = {
				ASSETCATALOG_COMPILER_APPICON_NAME = AppIcon;
				ASSETCATALOG_COMPILER_GLOBAL_ACCENT_COLOR_NAME = AccentColor;
				CODE_SIGN_STYLE = Manual;
				CURRENT_PROJECT_VERSION = 1;
				DEVELOPMENT_TEAM = "";
				GENERATE_INFOPLIST_FILE = YES;
				INFOPLIST_FILE = Construkt/Info.plist;
				INFOPLIST_KEY_UIApplicationSupportsIndirectInputEvents = YES;
				INFOPLIST_KEY_UILaunchStoryboardName = LaunchScreen;
				INFOPLIST_KEY_UISupportedInterfaceOrientations_iPad = "UIInterfaceOrientationPortrait UIInterfaceOrientationPortraitUpsideDown UIInterfaceOrientationLandscapeLeft UIInterfaceOrientationLandscapeRight";
				INFOPLIST_KEY_UISupportedInterfaceOrientations_iPhone = "UIInterfaceOrientationPortrait UIInterfaceOrientationLandscapeLeft UIInterfaceOrientationLandscapeRight";
				IPHONEOS_DEPLOYMENT_TARGET = 14.0;
				LD_RUNPATH_SEARCH_PATHS = (
					"$(inherited)",
					"@executable_path/Frameworks",
				);
				MARKETING_VERSION = 1.0;
				PRODUCT_BUNDLE_IDENTIFIER = com.mainactordev.Construkt;
				PRODUCT_NAME = "$(TARGET_NAME)";
				PROVISIONING_PROFILE_SPECIFIER = "";
				SWIFT_EMIT_LOC_STRINGS = YES;
				SWIFT_VERSION = 5.0;
				TARGETED_DEVICE_FAMILY = "1,2";
			};
			name = Debug;
		};
		95DB7F772EB70977003FE2F7 /* Release */ = {
			isa = XCBuildConfiguration;
			buildSettings = {
				ASSETCATALOG_COMPILER_APPICON_NAME = AppIcon;
				ASSETCATALOG_COMPILER_GLOBAL_ACCENT_COLOR_NAME = AccentColor;
				CODE_SIGN_STYLE = Manual;
				CURRENT_PROJECT_VERSION = 1;
				DEVELOPMENT_TEAM = "";
				GENERATE_INFOPLIST_FILE = YES;
				INFOPLIST_FILE = Construkt/Info.plist;
				INFOPLIST_KEY_UIApplicationSupportsIndirectInputEvents = YES;
				INFOPLIST_KEY_UILaunchStoryboardName = LaunchScreen;
				INFOPLIST_KEY_UISupportedInterfaceOrientations_iPad = "UIInterfaceOrientationPortrait UIInterfaceOrientationPortraitUpsideDown UIInterfaceOrientationLandscapeLeft UIInterfaceOrientationLandscapeRight";
				INFOPLIST_KEY_UISupportedInterfaceOrientations_iPhone = "UIInterfaceOrientationPortrait UIInterfaceOrientationLandscapeLeft UIInterfaceOrientationLandscapeRight";
				IPHONEOS_DEPLOYMENT_TARGET = 14.0;
				LD_RUNPATH_SEARCH_PATHS = (
					"$(inherited)",
					"@executable_path/Frameworks",
				);
				MARKETING_VERSION = 1.0;
				PRODUCT_BUNDLE_IDENTIFIER = com.mainactordev.Construkt;
				PRODUCT_NAME = "$(TARGET_NAME)";
				PROVISIONING_PROFILE_SPECIFIER = "";
				SWIFT_EMIT_LOC_STRINGS = YES;
				SWIFT_VERSION = 5.0;
				TARGETED_DEVICE_FAMILY = "1,2";
			};
			name = Release;
		};
		95DB7F782EB70977003FE2F7 /* Debug */ = {
			isa = XCBuildConfiguration;
			buildSettings = {
				ALWAYS_SEARCH_USER_PATHS = NO;
				ASSETCATALOG_COMPILER_GENERATE_SWIFT_ASSET_SYMBOL_EXTENSIONS = YES;
				CLANG_ANALYZER_NONNULL = YES;
				CLANG_ANALYZER_NUMBER_OBJECT_CONVERSION = YES_AGGRESSIVE;
				CLANG_CXX_LANGUAGE_STANDARD = "gnu++20";
				CLANG_ENABLE_MODULES = YES;
				CLANG_ENABLE_OBJC_ARC = YES;
				CLANG_ENABLE_OBJC_WEAK = YES;
				CLANG_WARN_BLOCK_CAPTURE_AUTORELEASING = YES;
				CLANG_WARN_BOOL_CONVERSION = YES;
				CLANG_WARN_COMMA = YES;
				CLANG_WARN_CONSTANT_CONVERSION = YES;
				CLANG_WARN_DEPRECATED_OBJC_IMPLEMENTATIONS = YES;
				CLANG_WARN_DIRECT_OBJC_ISA_USAGE = YES_ERROR;
				CLANG_WARN_DOCUMENTATION_COMMENTS = YES;
				CLANG_WARN_EMPTY_BODY = YES;
				CLANG_WARN_ENUM_CONVERSION = YES;
				CLANG_WARN_INFINITE_RECURSION = YES;
				CLANG_WARN_INT_CONVERSION = YES;
				CLANG_WARN_NON_LITERAL_NULL_CONVERSION = YES;
				CLANG_WARN_OBJC_IMPLICIT_RETAIN_SELF = YES;
				CLANG_WARN_OBJC_LITERAL_CONVERSION = YES;
				CLANG_WARN_OBJC_ROOT_CLASS = YES_ERROR;
				CLANG_WARN_QUOTED_INCLUDE_IN_FRAMEWORK_HEADER = YES;
				CLANG_WARN_RANGE_LOOP_ANALYSIS = YES;
				CLANG_WARN_STRICT_PROTOTYPES = YES;
				CLANG_WARN_SUSPICIOUS_MOVE = YES;
				CLANG_WARN_UNGUARDED_AVAILABILITY = YES_AGGRESSIVE;
				CLANG_WARN_UNREACHABLE_CODE = YES;
				CLANG_WARN__DUPLICATE_METHOD_MATCH = YES;
				COPY_PHASE_STRIP = NO;
				DEBUG_INFORMATION_FORMAT = dwarf;
				DEVELOPMENT_TEAM = AM6A64NDM6;
				ENABLE_STRICT_OBJC_MSGSEND = YES;
				ENABLE_TESTABILITY = YES;
				ENABLE_USER_SCRIPT_SANDBOXING = YES;
				GCC_C_LANGUAGE_STANDARD = gnu17;
				GCC_DYNAMIC_NO_PIC = NO;
				GCC_NO_COMMON_BLOCKS = YES;
				GCC_OPTIMIZATION_LEVEL = 0;
				GCC_PREPROCESSOR_DEFINITIONS = (
					"DEBUG=1",
					"$(inherited)",
				);
				GCC_WARN_64_TO_32_BIT_CONVERSION = YES;
				GCC_WARN_ABOUT_RETURN_TYPE = YES_ERROR;
				GCC_WARN_UNDECLARED_SELECTOR = YES;
				GCC_WARN_UNINITIALIZED_AUTOS = YES_AGGRESSIVE;
				GCC_WARN_UNUSED_FUNCTION = YES;
				GCC_WARN_UNUSED_VARIABLE = YES;
				IPHONEOS_DEPLOYMENT_TARGET = 18.5;
				LOCALIZATION_PREFERS_STRING_CATALOGS = YES;
				MTL_ENABLE_DEBUG_INFO = INCLUDE_SOURCE;
				MTL_FAST_MATH = YES;
				ONLY_ACTIVE_ARCH = YES;
				SDKROOT = iphoneos;
				SWIFT_ACTIVE_COMPILATION_CONDITIONS = "DEBUG $(inherited)";
				SWIFT_OPTIMIZATION_LEVEL = "-Onone";
			};
			name = Debug;
		};
		95DB7F792EB70977003FE2F7 /* Release */ = {
			isa = XCBuildConfiguration;
			buildSettings = {
				ALWAYS_SEARCH_USER_PATHS = NO;
				ASSETCATALOG_COMPILER_GENERATE_SWIFT_ASSET_SYMBOL_EXTENSIONS = YES;
				CLANG_ANALYZER_NONNULL = YES;
				CLANG_ANALYZER_NUMBER_OBJECT_CONVERSION = YES_AGGRESSIVE;
				CLANG_CXX_LANGUAGE_STANDARD = "gnu++20";
				CLANG_ENABLE_MODULES = YES;
				CLANG_ENABLE_OBJC_ARC = YES;
				CLANG_ENABLE_OBJC_WEAK = YES;
				CLANG_WARN_BLOCK_CAPTURE_AUTORELEASING = YES;
				CLANG_WARN_BOOL_CONVERSION = YES;
				CLANG_WARN_COMMA = YES;
				CLANG_WARN_CONSTANT_CONVERSION = YES;
				CLANG_WARN_DEPRECATED_OBJC_IMPLEMENTATIONS = YES;
				CLANG_WARN_DIRECT_OBJC_ISA_USAGE = YES_ERROR;
				CLANG_WARN_DOCUMENTATION_COMMENTS = YES;
				CLANG_WARN_EMPTY_BODY = YES;
				CLANG_WARN_ENUM_CONVERSION = YES;
				CLANG_WARN_INFINITE_RECURSION = YES;
				CLANG_WARN_INT_CONVERSION = YES;
				CLANG_WARN_NON_LITERAL_NULL_CONVERSION = YES;
				CLANG_WARN_OBJC_IMPLICIT_RETAIN_SELF = YES;
				CLANG_WARN_OBJC_LITERAL_CONVERSION = YES;
				CLANG_WARN_OBJC_ROOT_CLASS = YES_ERROR;
				CLANG_WARN_QUOTED_INCLUDE_IN_FRAMEWORK_HEADER = YES;
				CLANG_WARN_RANGE_LOOP_ANALYSIS = YES;
				CLANG_WARN_STRICT_PROTOTYPES = YES;
				CLANG_WARN_SUSPICIOUS_MOVE = YES;
				CLANG_WARN_UNGUARDED_AVAILABILITY = YES_AGGRESSIVE;
				CLANG_WARN_UNREACHABLE_CODE = YES;
				CLANG_WARN__DUPLICATE_METHOD_MATCH = YES;
				COPY_PHASE_STRIP = NO;
				DEBUG_INFORMATION_FORMAT = "dwarf-with-dsym";
				DEVELOPMENT_TEAM = AM6A64NDM6;
				ENABLE_NS_ASSERTIONS = NO;
				ENABLE_STRICT_OBJC_MSGSEND = YES;
				ENABLE_USER_SCRIPT_SANDBOXING = YES;
				GCC_C_LANGUAGE_STANDARD = gnu17;
				GCC_NO_COMMON_BLOCKS = YES;
				GCC_WARN_64_TO_32_BIT_CONVERSION = YES;
				GCC_WARN_ABOUT_RETURN_TYPE = YES_ERROR;
				GCC_WARN_UNDECLARED_SELECTOR = YES;
				GCC_WARN_UNINITIALIZED_AUTOS = YES_AGGRESSIVE;
				GCC_WARN_UNUSED_FUNCTION = YES;
				GCC_WARN_UNUSED_VARIABLE = YES;
				IPHONEOS_DEPLOYMENT_TARGET = 18.5;
				LOCALIZATION_PREFERS_STRING_CATALOGS = YES;
				MTL_ENABLE_DEBUG_INFO = NO;
				MTL_FAST_MATH = YES;
				SDKROOT = iphoneos;
				SWIFT_COMPILATION_MODE = wholemodule;
				VALIDATE_PRODUCT = YES;
			};
			name = Release;
		};
/* End XCBuildConfiguration section */

/* Begin XCConfigurationList section */
		95DB7F472EB70976003FE2F7 /* Build configuration list for PBXProject "Construkt" */ = {
			isa = XCConfigurationList;
			buildConfigurations = (
				95DB7F782EB70977003FE2F7 /* Debug */,
				95DB7F792EB70977003FE2F7 /* Release */,
			);
			defaultConfigurationIsVisible = 0;
			defaultConfigurationName = Release;
		};
		95DB7F752EB70977003FE2F7 /* Build configuration list for PBXNativeTarget "Construkt" */ = {
			isa = XCConfigurationList;
			buildConfigurations = (
				95DB7F762EB70977003FE2F7 /* Debug */,
				95DB7F772EB70977003FE2F7 /* Release */,
			);
			defaultConfigurationIsVisible = 0;
			defaultConfigurationName = Release;
		};
/* End XCConfigurationList section */

/* Begin XCLocalSwiftPackageReference section */
		951F17C52F69238500D7B430 /* XCLocalSwiftPackageReference "../../Construkt" */ = {
			isa = XCLocalSwiftPackageReference;
			relativePath = ../../Construkt;
		};
/* End XCLocalSwiftPackageReference section */

/* Begin XCSwiftPackageProductDependency section */
		042A397D2F4C4FA3001DC0CA /* ConstruktKit */ = {
			isa = XCSwiftPackageProductDependency;
			productName = ConstruktKit;
		};
		04CA18FC2F5F3A87004E7482 /* ConstruktKit */ = {
			isa = XCSwiftPackageProductDependency;
			productName = ConstruktKit;
		};
		04F53D632F5F3CF500B6B205 /* ConstruktKit */ = {
			isa = XCSwiftPackageProductDependency;
			productName = ConstruktKit;
		};
		9511898B2F57B46500AB3D49 /* ConstruktKit */ = {
			isa = XCSwiftPackageProductDependency;
			productName = ConstruktKit;
		};
		95118AD52F57C18200AB3D49 /* ConstruktKit */ = {
			isa = XCSwiftPackageProductDependency;
			productName = ConstruktKit;
		};
		951F15142F6912D300D7B430 /* ConstruktKit */ = {
			isa = XCSwiftPackageProductDependency;
			productName = ConstruktKit;
		};
		951F17C62F69238500D7B430 /* ConstruktKit */ = {
			isa = XCSwiftPackageProductDependency;
			productName = ConstruktKit;
		};
		9576D4912F561536006F7C7F /* ConstruktKit */ = {
			isa = XCSwiftPackageProductDependency;
			productName = ConstruktKit;
		};
		9576D4972F561D00006F7C7F /* ConstruktKit */ = {
			isa = XCSwiftPackageProductDependency;
			productName = ConstruktKit;
		};
		9576D5402F56713B006F7C7F /* ConstruktKit */ = {
			isa = XCSwiftPackageProductDependency;
			productName = ConstruktKit;
		};
		95D8330A2F56F339000154B8 /* ConstruktKit */ = {
			isa = XCSwiftPackageProductDependency;
			productName = ConstruktKit;
		};
		95D833B22F571556000154B8 /* ConstruktKit */ = {
			isa = XCSwiftPackageProductDependency;
			productName = ConstruktKit;
		};
/* End XCSwiftPackageProductDependency section */
	};
	rootObject = 95DB7F442EB70976003FE2F7 /* Project object */;
}
